
Microsoft Visual Studio Solution File, Format Version 12.00
# Visual Studio 2012
Project("{FAE04EC0-301F-11D3-BF4B-00C04F79EFBC}") = "PeopleApp", "PeopleApp\PeopleApp.csproj", "{524A3CED-74D9-40B4-A7AA-68196673CAC0}"
EndProject
Global
	GlobalSection(SolutionConfigurationPlatforms) = preSolution
		Debug|Any CPU = Debug|Any CPU
		Release|Any CPU = Release|Any CPU
	EndGlobalSection
	GlobalSection(ProjectConfigurationPlatforms) = postSolution
		{524A3CED-74D9-40B4-A7AA-68196673CAC0}.Debug|Any CPU.ActiveCfg = Debug|Any CPU
		{524A3CED-74D9-40B4-A7AA-68196673CAC0}.Debug|Any CPU.Build.0 = Debug|Any CPU
		{524A3CED-74D9-40B4-A7AA-68196673CAC0}.Release|Any CPU.ActiveCfg = Release|Any CPU
		{524A3CED-74D9-40B4-A7AA-68196673CAC0}.Release|Any CPU.Build.0 = Release|Any CPU
	EndGlobalSection
EndGlobal
